{
  "version": 4,
  "terraform_version": "1.3.5",
  "serial": 86,
  "lineage": "eac410b2-1d3a-2c1f-c649-4a9a673115ab",
  "outputs": {},
  "resources": [
    {
      "mode": "managed",
      "type": "aws_ecr_repository",
      "name": "django",
      "provider": "provider[\"registry.terraform.io/hashicorp/aws\"]",
      "instances": [
        {
          "schema_version": 0,
          "attributes": {
            "arn": "arn:aws:ecr:us-east-2:299264538740:repository/terraclone-dev-django",
            "encryption_configuration": [
              {
                "encryption_type": "AES256",
                "kms_key": ""
              }
            ],
            "force_delete": null,
            "id": "terraclone-dev-django",
            "image_scanning_configuration": [
              {
                "scan_on_push": true
              }
            ],
            "image_tag_mutability": "MUTABLE",
            "name": "terraclone-dev-django",
            "registry_id": "299264538740",
            "repository_url": "299264538740.dkr.ecr.us-east-2.amazonaws.com/terraclone-dev-django",
            "tags": {},
            "tags_all": {
              "Environment": "dev",
              "Name": "terraclone-dev"
            },
            "timeouts": null
          },
          "sensitive_attributes": [],
          "private": "eyJlMmJmYjczMC1lY2FhLTExZTYtOGY4OC0zNDM2M2JjN2M0YzAiOnsiZGVsZXRlIjoxMjAwMDAwMDAwMDAwfX0=",
          "create_before_destroy": true
        }
      ]
    },
    {
      "mode": "managed",
      "type": "aws_ecr_repository",
      "name": "nginx",
      "provider": "provider[\"registry.terraform.io/hashicorp/aws\"]",
      "instances": [
        {
          "schema_version": 0,
          "attributes": {
            "arn": "arn:aws:ecr:us-east-2:299264538740:repository/terraclone-dev-nginx",
            "encryption_configuration": [
              {
                "encryption_type": "AES256",
                "kms_key": ""
              }
            ],
            "force_delete": null,
            "id": "terraclone-dev-nginx",
            "image_scanning_configuration": [
              {
                "scan_on_push": true
              }
            ],
            "image_tag_mutability": "MUTABLE",
            "name": "terraclone-dev-nginx",
            "registry_id": "299264538740",
            "repository_url": "299264538740.dkr.ecr.us-east-2.amazonaws.com/terraclone-dev-nginx",
            "tags": {},
            "tags_all": {
              "Environment": "dev",
              "Name": "terraclone-dev"
            },
            "timeouts": null
          },
          "sensitive_attributes": [],
          "private": "eyJlMmJmYjczMC1lY2FhLTExZTYtOGY4OC0zNDM2M2JjN2M0YzAiOnsiZGVsZXRlIjoxMjAwMDAwMDAwMDAwfX0=",
          "create_before_destroy": true
        }
      ]
    }
  ],
  "check_results": null
}
